
Microsoft Visual Studio Solution File, Format Version 12.00
# Visual Studio Version 16
VisualStudioVersion = 16.0.29215.179
MinimumVisualStudioVersion = 10.0.40219.1
Project("{9A19103F-16F7-4668-BE54-9A1E7A4F7556}") = "RadiationShielding", "RadiationShielding\RadiationShielding.csproj", "{EA141779-20A1-4815-B22B-1503787AB2C3}"
EndProject
Project("{9A19103F-16F7-4668-BE54-9A1E7A4F7556}") = "SIML.ShieldingCalculator", "SIML.ShieldingCalculator\SIML.ShieldingCalculator.csproj", "{A102FF75-5021-45EB-AB90-BC5BDD06F743}"
EndProject
Project("{9A19103F-16F7-4668-BE54-9A1E7A4F7556}") = "SIML.ShieldingCalculator.Tests", "SIML.ShieldingCalculator.Tests\SIML.ShieldingCalculator.Tests.csproj", "{7EE07956-AF15-4FB7-9C5E-FC53B29B31F8}"
EndProject
Global
	GlobalSection(SolutionConfigurationPlatforms) = preSolution
		Debug|Any CPU = Debug|Any CPU
		Release|Any CPU = Release|Any CPU
	EndGlobalSection
	GlobalSection(ProjectConfigurationPlatforms) = postSolution
		{EA141779-20A1-4815-B22B-1503787AB2C3}.Debug|Any CPU.ActiveCfg = Debug|Any CPU
		{EA141779-20A1-4815-B22B-1503787AB2C3}.Debug|Any CPU.Build.0 = Debug|Any CPU
		{EA141779-20A1-4815-B22B-1503787AB2C3}.Release|Any CPU.ActiveCfg = Release|Any CPU
		{EA141779-20A1-4815-B22B-1503787AB2C3}.Release|Any CPU.Build.0 = Release|Any CPU
		{A102FF75-5021-45EB-AB90-BC5BDD06F743}.Debug|Any CPU.ActiveCfg = Debug|Any CPU
		{A102FF75-5021-45EB-AB90-BC5BDD06F743}.Debug|Any CPU.Build.0 = Debug|Any CPU
		{A102FF75-5021-45EB-AB90-BC5BDD06F743}.Release|Any CPU.ActiveCfg = Release|Any CPU
		{A102FF75-5021-45EB-AB90-BC5BDD06F743}.Release|Any CPU.Build.0 = Release|Any CPU
		{7EE07956-AF15-4FB7-9C5E-FC53B29B31F8}.Debug|Any CPU.ActiveCfg = Debug|Any CPU
		{7EE07956-AF15-4FB7-9C5E-FC53B29B31F8}.Debug|Any CPU.Build.0 = Debug|Any CPU
		{7EE07956-AF15-4FB7-9C5E-FC53B29B31F8}.Release|Any CPU.ActiveCfg = Release|Any CPU
		{7EE07956-AF15-4FB7-9C5E-FC53B29B31F8}.Release|Any CPU.Build.0 = Release|Any CPU
	EndGlobalSection
	GlobalSection(SolutionProperties) = preSolution
		HideSolutionNode = FALSE
	EndGlobalSection
	GlobalSection(ExtensibilityGlobals) = postSolution
		SolutionGuid = {A2264FE6-1270-4A59-9E27-622DFCF02810}
	EndGlobalSection
EndGlobal
